
Microsoft Visual Studio Solution File, Format Version 12.00
# Visual Studio 15
VisualStudioVersion = 15.0.28307.329
MinimumVisualStudioVersion = 10.0.40219.1
Project("{FAE04EC0-301F-11D3-BF4B-00C04F79EFBC}") = "TBQUESTGame", "TBQUESTGame\TBQUESTGame.csproj", "{8BC5A81D-9A41-402B-81EB-04772FB86871}"
EndProject
Project("{FAE04EC0-301F-11D3-BF4B-00C04F79EFBC}") = "TBQUESTGame.S3", "TBQUESTGame.S3\TBQUESTGame.S3.csproj", "{ACBA2705-A191-432D-99F0-FDBE36E2CD36}"
EndProject
Global
	GlobalSection(SolutionConfigurationPlatforms) = preSolution
		Debug|Any CPU = Debug|Any CPU
		Release|Any CPU = Release|Any CPU
	EndGlobalSection
	GlobalSection(ProjectConfigurationPlatforms) = postSolution
		{8BC5A81D-9A41-402B-81EB-04772FB86871}.Debug|Any CPU.ActiveCfg = Debug|Any CPU
		{8BC5A81D-9A41-402B-81EB-04772FB86871}.Debug|Any CPU.Build.0 = Debug|Any CPU
		{8BC5A81D-9A41-402B-81EB-04772FB86871}.Release|Any CPU.ActiveCfg = Release|Any CPU
		{8BC5A81D-9A41-402B-81EB-04772FB86871}.Release|Any CPU.Build.0 = Release|Any CPU
		{ACBA2705-A191-432D-99F0-FDBE36E2CD36}.Debug|Any CPU.ActiveCfg = Debug|Any CPU
		{ACBA2705-A191-432D-99F0-FDBE36E2CD36}.Debug|Any CPU.Build.0 = Debug|Any CPU
		{ACBA2705-A191-432D-99F0-FDBE36E2CD36}.Release|Any CPU.ActiveCfg = Release|Any CPU
		{ACBA2705-A191-432D-99F0-FDBE36E2CD36}.Release|Any CPU.Build.0 = Release|Any CPU
	EndGlobalSection
	GlobalSection(SolutionProperties) = preSolution
		HideSolutionNode = FALSE
	EndGlobalSection
	GlobalSection(ExtensibilityGlobals) = postSolution
		SolutionGuid = {A213C32A-891D-4B7C-8F06-35B497942571}
	EndGlobalSection
EndGlobal
